
Microsoft Visual Studio Solution File, Format Version 12.00
# Visual Studio 15
VisualStudioVersion = 15.0.27130.2010
MinimumVisualStudioVersion = 10.0.40219.1
Project("{FAE04EC0-301F-11D3-BF4B-00C04F79EFBC}") = "HelperUtilsLib", "HelperUtilities\HelperUtilsLib.csproj", "{2DFA441F-4D09-4940-A6E8-60C875E2116E}"
EndProject
Project("{FAE04EC0-301F-11D3-BF4B-00C04F79EFBC}") = "HelperMonoLib", "HelperMonoLib\HelperMonoLib.csproj", "{BB10773D-A853-4012-A4E1-8E44F3AC6BCA}"
EndProject
Project("{FAE04EC0-301F-11D3-BF4B-00C04F79EFBC}") = "MonoPoints", "MonoPoints\MonoPoints.csproj", "{3E8CF8BC-329C-4D7A-BB90-744DA4D67664}"
EndProject
Global
	GlobalSection(SolutionConfigurationPlatforms) = preSolution
		Debug|Any CPU = Debug|Any CPU
		Debug|x86 = Debug|x86
		Release|Any CPU = Release|Any CPU
		Release|x86 = Release|x86
	EndGlobalSection
	GlobalSection(ProjectConfigurationPlatforms) = postSolution
		{2DFA441F-4D09-4940-A6E8-60C875E2116E}.Debug|Any CPU.ActiveCfg = Debug|Any CPU
		{2DFA441F-4D09-4940-A6E8-60C875E2116E}.Debug|Any CPU.Build.0 = Debug|Any CPU
		{2DFA441F-4D09-4940-A6E8-60C875E2116E}.Debug|x86.ActiveCfg = Debug|Any CPU
		{2DFA441F-4D09-4940-A6E8-60C875E2116E}.Debug|x86.Build.0 = Debug|Any CPU
		{2DFA441F-4D09-4940-A6E8-60C875E2116E}.Release|Any CPU.ActiveCfg = Debug|Any CPU
		{2DFA441F-4D09-4940-A6E8-60C875E2116E}.Release|Any CPU.Build.0 = Debug|Any CPU
		{2DFA441F-4D09-4940-A6E8-60C875E2116E}.Release|x86.ActiveCfg = Release|Any CPU
		{2DFA441F-4D09-4940-A6E8-60C875E2116E}.Release|x86.Build.0 = Release|Any CPU
		{BB10773D-A853-4012-A4E1-8E44F3AC6BCA}.Debug|Any CPU.ActiveCfg = Debug|x86
		{BB10773D-A853-4012-A4E1-8E44F3AC6BCA}.Debug|x86.ActiveCfg = Debug|x86
		{BB10773D-A853-4012-A4E1-8E44F3AC6BCA}.Debug|x86.Build.0 = Debug|x86
		{BB10773D-A853-4012-A4E1-8E44F3AC6BCA}.Release|Any CPU.ActiveCfg = Debug|x86
		{BB10773D-A853-4012-A4E1-8E44F3AC6BCA}.Release|x86.ActiveCfg = Release|x86
		{BB10773D-A853-4012-A4E1-8E44F3AC6BCA}.Release|x86.Build.0 = Release|x86
		{3E8CF8BC-329C-4D7A-BB90-744DA4D67664}.Debug|Any CPU.ActiveCfg = Debug|x86
		{3E8CF8BC-329C-4D7A-BB90-744DA4D67664}.Debug|x86.ActiveCfg = Debug|x86
		{3E8CF8BC-329C-4D7A-BB90-744DA4D67664}.Debug|x86.Build.0 = Debug|x86
		{3E8CF8BC-329C-4D7A-BB90-744DA4D67664}.Release|Any CPU.ActiveCfg = Debug|x86
		{3E8CF8BC-329C-4D7A-BB90-744DA4D67664}.Release|x86.ActiveCfg = Release|x86
		{3E8CF8BC-329C-4D7A-BB90-744DA4D67664}.Release|x86.Build.0 = Release|x86
	EndGlobalSection
	GlobalSection(SolutionProperties) = preSolution
		HideSolutionNode = FALSE
	EndGlobalSection
	GlobalSection(ExtensibilityGlobals) = postSolution
		SolutionGuid = {FCF6A47B-2B3C-4D15-BBEA-599142270B9B}
	EndGlobalSection
EndGlobal
